<?xml version="1.0" encoding="UTF-8" standalone="yes" ?>
<CodeBlocks_project_file>
	<FileVersion major="1" minor="6" />
	<Project>
		<Option title="prj_CodeBlocks" />
		<Option pch_mode="2" />
		<Option compiler="gcc" />
		<Build>
			<Target title="Debug">
				<Option output="libprj_CodeBlocks" prefix_auto="1" extension_auto="1" />
				<Option working_dir="" />
				<Option object_output="obj/Debug/" />
				<Option type="2" />
				<Option compiler="gcc" />
				<Option createDefFile="1" />
				<Compiler>
					<Add option="-Wall" />
					<Add option="-g" />
					<Add directory="../inc" />
				</Compiler>
				<ExtraCommands>
					<Add after="cp libprj_CodeBlocks.a ../lib/Debug/libComm_Msg.a" />
				</ExtraCommands>
			</Target>
			<Target title="Release">
				<Option output="libprj_CodeBlocks" prefix_auto="1" extension_auto="1" />
				<Option working_dir="" />
				<Option object_output="obj/Release/" />
				<Option type="2" />
				<Option compiler="gcc" />
				<Option createDefFile="1" />
				<Compiler>
					<Add option="-O2" />
					<Add option="-Wall" />
					<Add option="-fpic" />
					<Add directory="../inc" />
				</Compiler>
				<Linker>
					<Add option="-s" />
				</Linker>
				<ExtraCommands>
					<Add after="cp libprj_CodeBlocks.a ../lib/Release/libComm_Msg.a" />
				</ExtraCommands>
			</Target>
		</Build>
		<Unit filename="../inc/Comm_Msg.h" />
		<Unit filename="../inc/Comm_Msg_Rx.h" />
		<Unit filename="../inc/Comm_Msg_RxData.h" />
		<Unit filename="../inc/Comm_Msg_Tx.h" />
		<Unit filename="../inc/Comm_Msg_Type.h" />
		<Unit filename="../src/Comm_Msg.cpp" />
		<Unit filename="../src/Comm_Msg_Rx.cpp" />
		<Unit filename="../src/Comm_Msg_RxData.cpp" />
		<Unit filename="../src/Comm_Msg_Tx.cpp" />
		<Extensions>
			<code_completion />
			<debugger />
		</Extensions>
	</Project>
</CodeBlocks_project_file>
